version = 1
requires-python = ">=3.11"

[[package]]
name = "cffi"
version = "1.17.1"
source = { registry = "https://pypi.org/simple" }
dependencies = [
    { name = "pycparser" },
]
sdist = { url = "https://files.pythonhosted.org/packages/fc/97/c783634659c2920c3fc70419e3af40972dbaf758daa229a7d6ea6135c90d/cffi-1.17.1.tar.gz", hash = "sha256:1c39c6016c32bc48dd54561950ebd6836e1670f2ae46128f67cf49e789c52824", size = 516621 }
wheels = [
    { url = "https://files.pythonhosted.org/packages/6b/f4/927e3a8899e52a27fa57a48607ff7dc91a9ebe97399b357b85a0c7892e00/cffi-1.17.1-cp311-cp311-macosx_10_9_x86_64.whl", hash = "sha256:a45e3c6913c5b87b3ff120dcdc03f6131fa0065027d0ed7ee6190736a74cd401", size = 182264 },
    { url = "https://files.pythonhosted.org/packages/6c/f5/6c3a8efe5f503175aaddcbea6ad0d2c96dad6f5abb205750d1b3df44ef29/cffi-1.17.1-cp311-cp311-macosx_11_0_arm64.whl", hash = "sha256:30c5e0cb5ae493c04c8b42916e52ca38079f1b235c2f8ae5f4527b963c401caf", size = 178651 },
    { url = "https://files.pythonhosted.org/packages/94/dd/a3f0118e688d1b1a57553da23b16bdade96d2f9bcda4d32e7d2838047ff7/cffi-1.17.1-cp311-cp311-manylinux_2_12_i686.manylinux2010_i686.manylinux_2_17_i686.manylinux2014_i686.whl", hash = "sha256:f75c7ab1f9e4aca5414ed4d8e5c0e303a34f4421f8a0d47a4d019ceff0ab6af4", size = 445259 },
    { url = "https://files.pythonhosted.org/packages/2e/ea/70ce63780f096e16ce8588efe039d3c4f91deb1dc01e9c73a287939c79a6/cffi-1.17.1-cp311-cp311-manylinux_2_17_aarch64.manylinux2014_aarch64.whl", hash = "sha256:a1ed2dd2972641495a3ec98445e09766f077aee98a1c896dcb4ad0d303628e41", size = 469200 },
    { url = "https://files.pythonhosted.org/packages/1c/a0/a4fa9f4f781bda074c3ddd57a572b060fa0df7655d2a4247bbe277200146/cffi-1.17.1-cp311-cp311-manylinux_2_17_ppc64le.manylinux2014_ppc64le.whl", hash = "sha256:46bf43160c1a35f7ec506d254e5c890f3c03648a4dbac12d624e4490a7046cd1", size = 477235 },
    { url = "https://files.pythonhosted.org/packages/62/12/ce8710b5b8affbcdd5c6e367217c242524ad17a02fe5beec3ee339f69f85/cffi-1.17.1-cp311-cp311-manylinux_2_17_s390x.manylinux2014_s390x.whl", hash = "sha256:a24ed04c8ffd54b0729c07cee15a81d964e6fee0e3d4d342a27b020d22959dc6", size = 459721 },
    { url = "https://files.pythonhosted.org/packages/ff/6b/d45873c5e0242196f042d555526f92aa9e0c32355a1be1ff8c27f077fd37/cffi-1.17.1-cp311-cp311-manylinux_2_17_x86_64.manylinux2014_x86_64.whl", hash = "sha256:610faea79c43e44c71e1ec53a554553fa22321b65fae24889706c0a84d4ad86d", size = 467242 },
    { url = "https://files.pythonhosted.org/packages/1a/52/d9a0e523a572fbccf2955f5abe883cfa8bcc570d7faeee06336fbd50c9fc/cffi-1.17.1-cp311-cp311-musllinux_1_1_aarch64.whl", hash = "sha256:a9b15d491f3ad5d692e11f6b71f7857e7835eb677955c00cc0aefcd0669adaf6", size = 477999 },
    { url = "https://files.pythonhosted.org/packages/44/74/f2a2460684a1a2d00ca799ad880d54652841a780c4c97b87754f660c7603/cffi-1.17.1-cp311-cp311-musllinux_1_1_i686.whl", hash = "sha256:de2ea4b5833625383e464549fec1bc395c1bdeeb5f25c4a3a82b5a8c756ec22f", size = 454242 },
    { url = "https://files.pythonhosted.org/packages/f8/4a/34599cac7dfcd888ff54e801afe06a19c17787dfd94495ab0c8d35fe99fb/cffi-1.17.1-cp311-cp311-musllinux_1_1_x86_64.whl", hash = "sha256:fc48c783f9c87e60831201f2cce7f3b2e4846bf4d8728eabe54d60700b318a0b", size = 478604 },
    { url = "https://files.pythonhosted.org/packages/34/33/e1b8a1ba29025adbdcda5fb3a36f94c03d771c1b7b12f726ff7fef2ebe36/cffi-1.17.1-cp311-cp311-win32.whl", hash = "sha256:85a950a4ac9c359340d5963966e3e0a94a676bd6245a4b55bc43949eee26a655", size = 171727 },
    { url = "https://files.pythonhosted.org/packages/3d/97/50228be003bb2802627d28ec0627837ac0bf35c90cf769812056f235b2d1/cffi-1.17.1-cp311-cp311-win_amd64.whl", hash = "sha256:caaf0640ef5f5517f49bc275eca1406b0ffa6aa184892812030f04c2abf589a0", size = 181400 },
    { url = "https://files.pythonhosted.org/packages/5a/84/e94227139ee5fb4d600a7a4927f322e1d4aea6fdc50bd3fca8493caba23f/cffi-1.17.1-cp312-cp312-macosx_10_9_x86_64.whl", hash = "sha256:805b4371bf7197c329fcb3ead37e710d1bca9da5d583f5073b799d5c5bd1eee4", size = 183178 },
    { url = "https://files.pythonhosted.org/packages/da/ee/fb72c2b48656111c4ef27f0f91da355e130a923473bf5ee75c5643d00cca/cffi-1.17.1-cp312-cp312-macosx_11_0_arm64.whl", hash = "sha256:733e99bc2df47476e3848417c5a4540522f234dfd4ef3ab7fafdf555b082ec0c", size = 178840 },
    { url = "https://files.pythonhosted.org/packages/cc/b6/db007700f67d151abadf508cbfd6a1884f57eab90b1bb985c4c8c02b0f28/cffi-1.17.1-cp312-cp312-manylinux_2_12_i686.manylinux2010_i686.manylinux_2_17_i686.manylinux2014_i686.whl", hash = "sha256:1257bdabf294dceb59f5e70c64a3e2f462c30c7ad68092d01bbbfb1c16b1ba36", size = 454803 },
    { url = "https://files.pythonhosted.org/packages/1a/df/f8d151540d8c200eb1c6fba8cd0dfd40904f1b0682ea705c36e6c2e97ab3/cffi-1.17.1-cp312-cp312-manylinux_2_17_aarch64.manylinux2014_aarch64.whl", hash = "sha256:da95af8214998d77a98cc14e3a3bd00aa191526343078b530ceb0bd710fb48a5", size = 478850 },
    { url = "https://files.pythonhosted.org/packages/28/c0/b31116332a547fd2677ae5b78a2ef662dfc8023d67f41b2a83f7c2aa78b1/cffi-1.17.1-cp312-cp312-manylinux_2_17_ppc64le.manylinux2014_ppc64le.whl", hash = "sha256:d63afe322132c194cf832bfec0dc69a99fb9bb6bbd550f161a49e9e855cc78ff", size = 485729 },
    { url = "https://files.pythonhosted.org/packages/91/2b/9a1ddfa5c7f13cab007a2c9cc295b70fbbda7cb10a286aa6810338e60ea1/cffi-1.17.1-cp312-cp312-manylinux_2_17_s390x.manylinux2014_s390x.whl", hash = "sha256:f79fc4fc25f1c8698ff97788206bb3c2598949bfe0fef03d299eb1b5356ada99", size = 471256 },
    { url = "https://files.pythonhosted.org/packages/b2/d5/da47df7004cb17e4955df6a43d14b3b4ae77737dff8bf7f8f333196717bf/cffi-1.17.1-cp312-cp312-manylinux_2_17_x86_64.manylinux2014_x86_64.whl", hash = "sha256:b62ce867176a75d03a665bad002af8e6d54644fad99a3c70905c543130e39d93", size = 479424 },
    { url = "https://files.pythonhosted.org/packages/0b/ac/2a28bcf513e93a219c8a4e8e125534f4f6db03e3179ba1c45e949b76212c/cffi-1.17.1-cp312-cp312-musllinux_1_1_aarch64.whl", hash = "sha256:386c8bf53c502fff58903061338ce4f4950cbdcb23e2902d86c0f722b786bbe3", size = 484568 },
    { url = "https://files.pythonhosted.org/packages/d4/38/ca8a4f639065f14ae0f1d9751e70447a261f1a30fa7547a828ae08142465/cffi-1.17.1-cp312-cp312-musllinux_1_1_x86_64.whl", hash = "sha256:4ceb10419a9adf4460ea14cfd6bc43d08701f0835e979bf821052f1805850fe8", size = 488736 },
    { url = "https://files.pythonhosted.org/packages/86/c5/28b2d6f799ec0bdecf44dced2ec5ed43e0eb63097b0f58c293583b406582/cffi-1.17.1-cp312-cp312-win32.whl", hash = "sha256:a08d7e755f8ed21095a310a693525137cfe756ce62d066e53f502a83dc550f65", size = 172448 },
    { url = "https://files.pythonhosted.org/packages/50/b9/db34c4755a7bd1cb2d1603ac3863f22bcecbd1ba29e5ee841a4bc510b294/cffi-1.17.1-cp312-cp312-win_amd64.whl", hash = "sha256:51392eae71afec0d0c8fb1a53b204dbb3bcabcb3c9b807eedf3e1e6ccf2de903", size = 181976 },
    { url = "https://files.pythonhosted.org/packages/8d/f8/dd6c246b148639254dad4d6803eb6a54e8c85c6e11ec9df2cffa87571dbe/cffi-1.17.1-cp313-cp313-macosx_10_13_x86_64.whl", hash = "sha256:f3a2b4222ce6b60e2e8b337bb9596923045681d71e5a082783484d845390938e", size = 182989 },
    { url = "https://files.pythonhosted.org/packages/8b/f1/672d303ddf17c24fc83afd712316fda78dc6fce1cd53011b839483e1ecc8/cffi-1.17.1-cp313-cp313-macosx_11_0_arm64.whl", hash = "sha256:0984a4925a435b1da406122d4d7968dd861c1385afe3b45ba82b750f229811e2", size = 178802 },
    { url = "https://files.pythonhosted.org/packages/0e/2d/eab2e858a91fdff70533cab61dcff4a1f55ec60425832ddfdc9cd36bc8af/cffi-1.17.1-cp313-cp313-manylinux_2_12_i686.manylinux2010_i686.manylinux_2_17_i686.manylinux2014_i686.whl", hash = "sha256:d01b12eeeb4427d3110de311e1774046ad344f5b1a7403101878976ecd7a10f3", size = 454792 },
    { url = "https://files.pythonhosted.org/packages/75/b2/fbaec7c4455c604e29388d55599b99ebcc250a60050610fadde58932b7ee/cffi-1.17.1-cp313-cp313-manylinux_2_17_aarch64.manylinux2014_aarch64.whl", hash = "sha256:706510fe141c86a69c8ddc029c7910003a17353970cff3b904ff0686a5927683", size = 478893 },
    { url = "https://files.pythonhosted.org/packages/4f/b7/6e4a2162178bf1935c336d4da8a9352cccab4d3a5d7914065490f08c0690/cffi-1.17.1-cp313-cp313-manylinux_2_17_ppc64le.manylinux2014_ppc64le.whl", hash = "sha256:de55b766c7aa2e2a3092c51e0483d700341182f08e67c63630d5b6f200bb28e5", size = 485810 },
    { url = "https://files.pythonhosted.org/packages/c7/8a/1d0e4a9c26e54746dc08c2c6c037889124d4f59dffd853a659fa545f1b40/cffi-1.17.1-cp313-cp313-manylinux_2_17_s390x.manylinux2014_s390x.whl", hash = "sha256:c59d6e989d07460165cc5ad3c61f9fd8f1b4796eacbd81cee78957842b834af4", size = 471200 },
    { url = "https://files.pythonhosted.org/packages/26/9f/1aab65a6c0db35f43c4d1b4f580e8df53914310afc10ae0397d29d697af4/cffi-1.17.1-cp313-cp313-manylinux_2_17_x86_64.manylinux2014_x86_64.whl", hash = "sha256:dd398dbc6773384a17fe0d3e7eeb8d1a21c2200473ee6806bb5e6a8e62bb73dd", size = 479447 },
    { url = "https://files.pythonhosted.org/packages/5f/e4/fb8b3dd8dc0e98edf1135ff067ae070bb32ef9d509d6cb0f538cd6f7483f/cffi-1.17.1-cp313-cp313-musllinux_1_1_aarch64.whl", hash = "sha256:3edc8d958eb099c634dace3c7e16560ae474aa3803a5df240542b305d14e14ed", size = 484358 },
    { url = "https://files.pythonhosted.org/packages/f1/47/d7145bf2dc04684935d57d67dff9d6d795b2ba2796806bb109864be3a151/cffi-1.17.1-cp313-cp313-musllinux_1_1_x86_64.whl", hash = "sha256:72e72408cad3d5419375fc87d289076ee319835bdfa2caad331e377589aebba9", size = 488469 },
    { url = "https://files.pythonhosted.org/packages/bf/ee/f94057fa6426481d663b88637a9a10e859e492c73d0384514a17d78ee205/cffi-1.17.1-cp313-cp313-win32.whl", hash = "sha256:e03eab0a8677fa80d646b5ddece1cbeaf556c313dcfac435ba11f107ba117b5d", size = 172475 },
    { url = "https://files.pythonhosted.org/packages/7c/fc/6a8cb64e5f0324877d503c854da15d76c1e50eb722e320b15345c4d0c6de/cffi-1.17.1-cp313-cp313-win_amd64.whl", hash = "sha256:f6a16c31041f09ead72d69f583767292f750d24913dadacf5756b966aacb3f1a", size = 182009 },
]

[[package]]
name = "numpy"
version = "2.1.2"
source = { registry = "https://pypi.org/simple" }
sdist = { url = "https://files.pythonhosted.org/packages/4b/d1/8a730ea07f4a37d94f9172f4ce1d81064b7a64766b460378be278952de75/numpy-2.1.2.tar.gz", hash = "sha256:13532a088217fa624c99b843eeb54640de23b3414b14aa66d023805eb731066c", size = 18878063 }
wheels = [
    { url = "https://files.pythonhosted.org/packages/aa/9c/9a6ec3ae89cd0648d419781284308f2956d2a61d932b5ac9682c956a171b/numpy-2.1.2-cp311-cp311-macosx_10_9_x86_64.whl", hash = "sha256:b42a1a511c81cc78cbc4539675713bbcf9d9c3913386243ceff0e9429ca892fe", size = 21154845 },
    { url = "https://files.pythonhosted.org/packages/02/69/9f05c4ecc75fabf297b17743996371b4c3dfc4d92e15c5c38d8bb3db8d74/numpy-2.1.2-cp311-cp311-macosx_11_0_arm64.whl", hash = "sha256:faa88bc527d0f097abdc2c663cddf37c05a1c2f113716601555249805cf573f1", size = 13789409 },
    { url = "https://files.pythonhosted.org/packages/34/4e/f95c99217bf77bbfaaf660d693c10bd0dc03b6032d19316d316088c9e479/numpy-2.1.2-cp311-cp311-macosx_14_0_arm64.whl", hash = "sha256:c82af4b2ddd2ee72d1fc0c6695048d457e00b3582ccde72d8a1c991b808bb20f", size = 5352097 },
    { url = "https://files.pythonhosted.org/packages/06/13/f5d87a497c16658e9af8920449b0b5692b469586b8231340c672962071c5/numpy-2.1.2-cp311-cp311-macosx_14_0_x86_64.whl", hash = "sha256:13602b3174432a35b16c4cfb5de9a12d229727c3dd47a6ce35111f2ebdf66ff4", size = 6891195 },
    { url = "https://files.pythonhosted.org/packages/6c/89/691ac07429ac061b344d5e37fa8e94be51a6017734aea15f2d9d7c6d119a/numpy-2.1.2-cp311-cp311-manylinux_2_17_aarch64.manylinux2014_aarch64.whl", hash = "sha256:1ebec5fd716c5a5b3d8dfcc439be82a8407b7b24b230d0ad28a81b61c2f4659a", size = 13895153 },
    { url = "https://files.pythonhosted.org/packages/23/69/538317f0d925095537745f12aced33be1570bbdc4acde49b33748669af96/numpy-2.1.2-cp311-cp311-manylinux_2_17_x86_64.manylinux2014_x86_64.whl", hash = "sha256:e2b49c3c0804e8ecb05d59af8386ec2f74877f7ca8fd9c1e00be2672e4d399b1", size = 16338306 },
    { url = "https://files.pythonhosted.org/packages/af/03/863fe7062c2106d3c151f7df9353f2ae2237c1dd6900f127a3eb1f24cb1b/numpy-2.1.2-cp311-cp311-musllinux_1_1_x86_64.whl", hash = "sha256:2cbba4b30bf31ddbe97f1c7205ef976909a93a66bb1583e983adbd155ba72ac2", size = 16710893 },
    { url = "https://files.pythonhosted.org/packages/70/77/0ad9efe25482009873f9660d29a40a8c41a6f0e8b541195e3c95c70684c5/numpy-2.1.2-cp311-cp311-musllinux_1_2_aarch64.whl", hash = "sha256:8e00ea6fc82e8a804433d3e9cedaa1051a1422cb6e443011590c14d2dea59146", size = 14398048 },
    { url = "https://files.pythonhosted.org/packages/3e/0f/e785fe75544db9f2b0bb1c181e13ceff349ce49753d807fd9672916aa06d/numpy-2.1.2-cp311-cp311-win32.whl", hash = "sha256:5006b13a06e0b38d561fab5ccc37581f23c9511879be7693bd33c7cd15ca227c", size = 6533458 },
    { url = "https://files.pythonhosted.org/packages/d4/96/450054662295125af861d48d2c4bc081dadcf1974a879b2104613157aa62/numpy-2.1.2-cp311-cp311-win_amd64.whl", hash = "sha256:f1eb068ead09f4994dec71c24b2844f1e4e4e013b9629f812f292f04bd1510d9", size = 12870896 },
    { url = "https://files.pythonhosted.org/packages/a0/7d/554a6838f37f3ada5a55f25173c619d556ae98092a6e01afb6e710501d70/numpy-2.1.2-cp312-cp312-macosx_10_13_x86_64.whl", hash = "sha256:d7bf0a4f9f15b32b5ba53147369e94296f5fffb783db5aacc1be15b4bf72f43b", size = 20848077 },
    { url = "https://files.pythonhosted.org/packages/b0/29/cb48a402ea879e645b16218718f3f7d9588a77d674a9dcf22e4c43487636/numpy-2.1.2-cp312-cp312-macosx_11_0_arm64.whl", hash = "sha256:b1d0fcae4f0949f215d4632be684a539859b295e2d0cb14f78ec231915d644db", size = 13493242 },
    { url = "https://files.pythonhosted.org/packages/56/44/f899b0581766c230da42f751b7b8896d096640b19b312164c267e48d36cb/numpy-2.1.2-cp312-cp312-macosx_14_0_arm64.whl", hash = "sha256:f751ed0a2f250541e19dfca9f1eafa31a392c71c832b6bb9e113b10d050cb0f1", size = 5089219 },
    { url = "https://files.pythonhosted.org/packages/79/8f/b987070d45161a7a4504afc67ed38544ed2c0ed5576263599a0402204a9c/numpy-2.1.2-cp312-cp312-macosx_14_0_x86_64.whl", hash = "sha256:bd33f82e95ba7ad632bc57837ee99dba3d7e006536200c4e9124089e1bf42426", size = 6620167 },
    { url = "https://files.pythonhosted.org/packages/c4/a7/af3329fda3c3ec31d9b650e42bbcd3422fc62a765cbb1405fde4177a0996/numpy-2.1.2-cp312-cp312-manylinux_2_17_aarch64.manylinux2014_aarch64.whl", hash = "sha256:1b8cde4f11f0a975d1fd59373b32e2f5a562ade7cde4f85b7137f3de8fbb29a0", size = 13604905 },
    { url = "https://files.pythonhosted.org/packages/9b/b4/e3c7e6fab0f77fff6194afa173d1f2342073d91b1d3b4b30b17c3fb4407a/numpy-2.1.2-cp312-cp312-manylinux_2_17_x86_64.manylinux2014_x86_64.whl", hash = "sha256:6d95f286b8244b3649b477ac066c6906fbb2905f8ac19b170e2175d3d799f4df", size = 16041825 },
    { url = "https://files.pythonhosted.org/packages/e9/50/6828e66a78aa03147c111f84d55f33ce2dde547cb578d6744a3b06a0124b/numpy-2.1.2-cp312-cp312-musllinux_1_1_x86_64.whl", hash = "sha256:ab4754d432e3ac42d33a269c8567413bdb541689b02d93788af4131018cbf366", size = 16409541 },
    { url = "https://files.pythonhosted.org/packages/bf/72/66af7916d9c3c6dbfbc8acdd4930c65461e1953374a2bc43d00f948f004a/numpy-2.1.2-cp312-cp312-musllinux_1_2_aarch64.whl", hash = "sha256:e585c8ae871fd38ac50598f4763d73ec5497b0de9a0ab4ef5b69f01c6a046142", size = 14081134 },
    { url = "https://files.pythonhosted.org/packages/dc/5a/59a67d84f33fe00ae74f0b5b69dd4f93a586a4aba7f7e19b54b2133db038/numpy-2.1.2-cp312-cp312-win32.whl", hash = "sha256:9c6c754df29ce6a89ed23afb25550d1c2d5fdb9901d9c67a16e0b16eaf7e2550", size = 6237784 },
    { url = "https://files.pythonhosted.org/packages/4c/79/73735a6a5dad6059c085f240a4e74c9270feccd2bc66e4d31b5ca01d329c/numpy-2.1.2-cp312-cp312-win_amd64.whl", hash = "sha256:456e3b11cb79ac9946c822a56346ec80275eaf2950314b249b512896c0d2505e", size = 12568254 },
    { url = "https://files.pythonhosted.org/packages/16/72/716fa1dbe92395a9a623d5049203ff8ddb0cfce65b9df9117c3696ccc011/numpy-2.1.2-cp313-cp313-macosx_10_13_x86_64.whl", hash = "sha256:a84498e0d0a1174f2b3ed769b67b656aa5460c92c9554039e11f20a05650f00d", size = 20834690 },
    { url = "https://files.pythonhosted.org/packages/1e/fb/3e85a39511586053b5c6a59a643879e376fae22230ebfef9cfabb0e032e2/numpy-2.1.2-cp313-cp313-macosx_11_0_arm64.whl", hash = "sha256:4d6ec0d4222e8ffdab1744da2560f07856421b367928026fb540e1945f2eeeaf", size = 13507474 },
    { url = "https://files.pythonhosted.org/packages/35/eb/5677556d9ba13436dab51e129f98d4829d95cd1b6bd0e199c14485a4bdb9/numpy-2.1.2-cp313-cp313-macosx_14_0_arm64.whl", hash = "sha256:259ec80d54999cc34cd1eb8ded513cb053c3bf4829152a2e00de2371bd406f5e", size = 5074742 },
    { url = "https://files.pythonhosted.org/packages/3e/c5/6c5ef5ba41b65a7e51bed50dbf3e1483eb578055633dd013e811a28e96a1/numpy-2.1.2-cp313-cp313-macosx_14_0_x86_64.whl", hash = "sha256:675c741d4739af2dc20cd6c6a5c4b7355c728167845e3c6b0e824e4e5d36a6c3", size = 6606787 },
    { url = "https://files.pythonhosted.org/packages/08/ac/f2f29dd4fd325b379c7dc932a0ebab22f0e031dbe80b2f6019b291a3a544/numpy-2.1.2-cp313-cp313-manylinux_2_17_aarch64.manylinux2014_aarch64.whl", hash = "sha256:05b2d4e667895cc55e3ff2b56077e4c8a5604361fc21a042845ea3ad67465aa8", size = 13601333 },
    { url = "https://files.pythonhosted.org/packages/44/26/63f5f4e5089654dfb858f4892215ed968cd1a68e6f4a83f9961f84f855cb/numpy-2.1.2-cp313-cp313-manylinux_2_17_x86_64.manylinux2014_x86_64.whl", hash = "sha256:43cca367bf94a14aca50b89e9bc2061683116cfe864e56740e083392f533ce7a", size = 16038090 },
    { url = "https://files.pythonhosted.org/packages/1d/21/015e0594de9c3a8d5edd24943d2bd23f102ec71aec026083f822f86497e2/numpy-2.1.2-cp313-cp313-musllinux_1_1_x86_64.whl", hash = "sha256:76322dcdb16fccf2ac56f99048af32259dcc488d9b7e25b51e5eca5147a3fb98", size = 16410865 },
    { url = "https://files.pythonhosted.org/packages/df/01/c1bcf9e6025d79077fbf3f3ee503b50aa7bfabfcd8f4b54f5829f4c00f3f/numpy-2.1.2-cp313-cp313-musllinux_1_2_aarch64.whl", hash = "sha256:32e16a03138cabe0cb28e1007ee82264296ac0983714094380b408097a418cfe", size = 14078077 },
    { url = "https://files.pythonhosted.org/packages/ba/06/db9d127d63bd11591770ba9f3d960f8041e0f895184b9351d4b1b5b56983/numpy-2.1.2-cp313-cp313-win32.whl", hash = "sha256:242b39d00e4944431a3cd2db2f5377e15b5785920421993770cddb89992c3f3a", size = 6234904 },
    { url = "https://files.pythonhosted.org/packages/a9/96/9f61f8f95b6e0ea0aa08633b704c75d1882bdcb331bdf8bfd63263b25b00/numpy-2.1.2-cp313-cp313-win_amd64.whl", hash = "sha256:f2ded8d9b6f68cc26f8425eda5d3877b47343e68ca23d0d0846f4d312ecaa445", size = 12561910 },
    { url = "https://files.pythonhosted.org/packages/36/b8/033f627821784a48e8f75c218033471eebbaacdd933f8979c79637a1b44b/numpy-2.1.2-cp313-cp313t-macosx_10_13_x86_64.whl", hash = "sha256:2ffef621c14ebb0188a8633348504a35c13680d6da93ab5cb86f4e54b7e922b5", size = 20857719 },
    { url = "https://files.pythonhosted.org/packages/96/46/af5726fde5b74ed83f2f17a73386d399319b7ed4d51279fb23b721d0816d/numpy-2.1.2-cp313-cp313t-macosx_11_0_arm64.whl", hash = "sha256:ad369ed238b1959dfbade9018a740fb9392c5ac4f9b5173f420bd4f37ba1f7a0", size = 13518826 },
    { url = "https://files.pythonhosted.org/packages/db/6e/8ce677edf36da1c4dae80afe5529f47690697eb55b4864673af260ccea7b/numpy-2.1.2-cp313-cp313t-macosx_14_0_arm64.whl", hash = "sha256:d82075752f40c0ddf57e6e02673a17f6cb0f8eb3f587f63ca1eaab5594da5b17", size = 5115036 },
    { url = "https://files.pythonhosted.org/packages/6a/ba/3cce44fb1b8438042c11847048812a776f75ee0e7070179c22e4cfbf420c/numpy-2.1.2-cp313-cp313t-macosx_14_0_x86_64.whl", hash = "sha256:1600068c262af1ca9580a527d43dc9d959b0b1d8e56f8a05d830eea39b7c8af6", size = 6628641 },
    { url = "https://files.pythonhosted.org/packages/59/c8/e722998720ccbd35ffbcf1d1b8ed0aa2304af88d3f1c38e06ebf983599b3/numpy-2.1.2-cp313-cp313t-manylinux_2_17_aarch64.manylinux2014_aarch64.whl", hash = "sha256:a26ae94658d3ba3781d5e103ac07a876b3e9b29db53f68ed7df432fd033358a8", size = 13574803 },
    { url = "https://files.pythonhosted.org/packages/7c/8e/fc1fdd83a55476765329ac2913321c4aed5b082a7915095628c4ca30ea72/numpy-2.1.2-cp313-cp313t-manylinux_2_17_x86_64.manylinux2014_x86_64.whl", hash = "sha256:13311c2db4c5f7609b462bc0f43d3c465424d25c626d95040f073e30f7570e35", size = 16021174 },
    { url = "https://files.pythonhosted.org/packages/2a/b6/a790742aa88067adb4bd6c89a946778c1417d4deaeafce3ca928f26d4c52/numpy-2.1.2-cp313-cp313t-musllinux_1_1_x86_64.whl", hash = "sha256:2abbf905a0b568706391ec6fa15161fad0fb5d8b68d73c461b3c1bab6064dd62", size = 16400117 },
    { url = "https://files.pythonhosted.org/packages/48/6f/129e3c17e3befe7fefdeaa6890f4c4df3f3cf0831aa053802c3862da67aa/numpy-2.1.2-cp313-cp313t-musllinux_1_2_aarch64.whl", hash = "sha256:ef444c57d664d35cac4e18c298c47d7b504c66b17c2ea91312e979fcfbdfb08a", size = 14066202 },
]

[[package]]
name = "pyaudio"
version = "0.2.14"
source = { registry = "https://pypi.org/simple" }
sdist = { url = "https://files.pythonhosted.org/packages/26/1d/8878c7752febb0f6716a7e1a52cb92ac98871c5aa522cba181878091607c/PyAudio-0.2.14.tar.gz", hash = "sha256:78dfff3879b4994d1f4fc6485646a57755c6ee3c19647a491f790a0895bd2f87", size = 47066 }
wheels = [
    { url = "https://files.pythonhosted.org/packages/7b/f0/b0eab89eafa70a86b7b566a4df2f94c7880a2d483aa8de1c77d335335b5b/PyAudio-0.2.14-cp311-cp311-win32.whl", hash = "sha256:506b32a595f8693811682ab4b127602d404df7dfc453b499c91a80d0f7bad289", size = 144624 },
    { url = "https://files.pythonhosted.org/packages/82/d8/f043c854aad450a76e476b0cf9cda1956419e1dacf1062eb9df3c0055abe/PyAudio-0.2.14-cp311-cp311-win_amd64.whl", hash = "sha256:bbeb01d36a2f472ae5ee5e1451cacc42112986abe622f735bb870a5db77cf903", size = 164070 },
    { url = "https://files.pythonhosted.org/packages/8d/45/8d2b76e8f6db783f9326c1305f3f816d4a12c8eda5edc6a2e1d03c097c3b/PyAudio-0.2.14-cp312-cp312-win32.whl", hash = "sha256:5fce4bcdd2e0e8c063d835dbe2860dac46437506af509353c7f8114d4bacbd5b", size = 144750 },
    { url = "https://files.pythonhosted.org/packages/b0/6a/d25812e5f79f06285767ec607b39149d02aa3b31d50c2269768f48768930/PyAudio-0.2.14-cp312-cp312-win_amd64.whl", hash = "sha256:12f2f1ba04e06ff95d80700a78967897a489c05e093e3bffa05a84ed9c0a7fa3", size = 164126 },
    { url = "https://files.pythonhosted.org/packages/3a/77/66cd37111a87c1589b63524f3d3c848011d21ca97828422c7fde7665ff0d/PyAudio-0.2.14-cp313-cp313-win32.whl", hash = "sha256:95328285b4dab57ea8c52a4a996cb52be6d629353315be5bfda403d15932a497", size = 150982 },
    { url = "https://files.pythonhosted.org/packages/a5/8b/7f9a061c1cc2b230f9ac02a6003fcd14c85ce1828013aecbaf45aa988d20/PyAudio-0.2.14-cp313-cp313-win_amd64.whl", hash = "sha256:692d8c1446f52ed2662120bcd9ddcb5aa2b71f38bda31e58b19fb4672fffba69", size = 173655 },
]

[[package]]
name = "pycparser"
version = "2.22"
source = { registry = "https://pypi.org/simple" }
sdist = { url = "https://files.pythonhosted.org/packages/1d/b2/31537cf4b1ca988837256c910a668b553fceb8f069bedc4b1c826024b52c/pycparser-2.22.tar.gz", hash = "sha256:491c8be9c040f5390f5bf44a5b07752bd07f56edf992381b05c701439eec10f6", size = 172736 }
wheels = [
    { url = "https://files.pythonhosted.org/packages/13/a3/a812df4e2dd5696d1f351d58b8fe16a405b234ad2886a0dab9183fb78109/pycparser-2.22-py3-none-any.whl", hash = "sha256:c3702b6d3dd8c7abc1afa565d7e63d53a1d0bd86cdc24edd75470f4de499cfcc", size = 117552 },
]

[[package]]
name = "python-dotenv"
version = "1.0.1"
source = { registry = "https://pypi.org/simple" }
sdist = { url = "https://files.pythonhosted.org/packages/bc/57/e84d88dfe0aec03b7a2d4327012c1627ab5f03652216c63d49846d7a6c58/python-dotenv-1.0.1.tar.gz", hash = "sha256:e324ee90a023d808f1959c46bcbc04446a10ced277783dc6ee09987c37ec10ca", size = 39115 }
wheels = [
    { url = "https://files.pythonhosted.org/packages/6a/3e/b68c118422ec867fa7ab88444e1274aa40681c606d59ac27de5a5588f082/python_dotenv-1.0.1-py3-none-any.whl", hash = "sha256:f7b63ef50f1b690dddf550d03497b66d609393b40b564ed0d674909a68ebf16a", size = 19863 },
]

[[package]]
name = "realtime-audio-translator"
version = "0.1.0"
source = { virtual = "." }
dependencies = [
    { name = "numpy" },
    { name = "pyaudio" },
    { name = "python-dotenv" },
    { name = "scipy" },
    { name = "soundcard" },
    { name = "sounddevice" },
    { name = "soundfile" },
    { name = "websockets" },
]

[package.metadata]
requires-dist = [
    { name = "numpy", specifier = ">=2.1.2" },
    { name = "pyaudio", specifier = ">=0.2.14" },
    { name = "python-dotenv", specifier = ">=1.0.1" },
    { name = "scipy", specifier = ">=1.15.0" },
    { name = "soundcard", specifier = ">=0.4.3" },
    { name = "sounddevice", specifier = ">=0.5.0" },
    { name = "soundfile", specifier = ">=0.13.0" },
    { name = "websockets", specifier = ">=14.1" },
]

[[package]]
name = "scipy"
version = "1.15.0"
source = { registry = "https://pypi.org/simple" }
dependencies = [
    { name = "numpy" },
]
sdist = { url = "https://files.pythonhosted.org/packages/d9/7b/2b8ac283cf32465ed08bc20a83d559fe7b174a484781702ba8accea001d6/scipy-1.15.0.tar.gz", hash = "sha256:300742e2cc94e36a2880ebe464a1c8b4352a7b0f3e36ec3d2ac006cdbe0219ac", size = 59407226 }
wheels = [
    { url = "https://files.pythonhosted.org/packages/b8/53/7f627c180cdaa211fa537650ca05912f58cb68fc33bb2f9af3d29169913e/scipy-1.15.0-cp311-cp311-macosx_10_13_x86_64.whl", hash = "sha256:46e91b5b16909ff79224b56e19cbad65ca500b3afda69225820aa3afbf9ec020", size = 41423594 },
    { url = "https://files.pythonhosted.org/packages/c9/ab/f848933c6f656f2c7af2d56d0be44511b730498538fe04db70eb03a6ad86/scipy-1.15.0-cp311-cp311-macosx_12_0_arm64.whl", hash = "sha256:82bff2eb01ccf7cea8b6ee5274c2dbeadfdac97919da308ee6d8e5bcbe846443", size = 32535797 },
    { url = "https://files.pythonhosted.org/packages/41/93/266693c471ec1e2e7748c1ee5e867299f3d0ac42e0e63f52649430ec1976/scipy-1.15.0-cp311-cp311-macosx_14_0_arm64.whl", hash = "sha256:9c8254fe21dd2c6c8f7757035ec0c31daecf3bb3cffd93bc1ca661b731d28136", size = 24809325 },
    { url = "https://files.pythonhosted.org/packages/f3/55/1acc49a48bc11fb95cf625c0763f2749f8710265d2fecbf6ed6dd618fc54/scipy-1.15.0-cp311-cp311-macosx_14_0_x86_64.whl", hash = "sha256:c9624eeae79b18cab1a31944b5ef87aa14b125d6ab69b71db22f0dbd962caf1e", size = 27917711 },
    { url = "https://files.pythonhosted.org/packages/e2/f5/15f62812b36f2f94b9d1ca31d3d2bbabfb6979e48a0866041bee7031c461/scipy-1.15.0-cp311-cp311-manylinux_2_17_aarch64.manylinux2014_aarch64.whl", hash = "sha256:d13bbc0658c11f3d19df4138336e4bce2c4fbd78c2755be4bf7b8e235481557f", size = 38331850 },
    { url = "https://files.pythonhosted.org/packages/ad/21/6dc57f6f6c8014dc6d07111e4976422580789fa96c4d7ddf63614939cb6c/scipy-1.15.0-cp311-cp311-manylinux_2_17_x86_64.manylinux2014_x86_64.whl", hash = "sha256:bdca4c7bb8dc41307e5f39e9e5d19c707d8e20a29845e7533b3bb20a9d4ccba0", size = 40587953 },
    { url = "https://files.pythonhosted.org/packages/da/dd/26db78c2054f8d81b28ae4688da7930ea3c33e5d1885928aadefeec979f9/scipy-1.15.0-cp311-cp311-musllinux_1_2_x86_64.whl", hash = "sha256:6f376d7c767731477bac25a85d0118efdc94a572c6b60decb1ee48bf2391a73b", size = 42963920 },
    { url = "https://files.pythonhosted.org/packages/82/89/eb4aaf929be0e2c03bb5e40ed61427aab9c8ba6c0764aebf82d7302bb3d3/scipy-1.15.0-cp311-cp311-win_amd64.whl", hash = "sha256:61513b989ee8d5218fbeb178b2d51534ecaddba050db949ae99eeb3d12f6825d", size = 43894857 },
    { url = "https://files.pythonhosted.org/packages/35/70/fffb90a725dec6056c9059073856fd99de22a253459a874a63b8b8a012db/scipy-1.15.0-cp312-cp312-macosx_10_13_x86_64.whl", hash = "sha256:5beb0a2200372b7416ec73fdae94fe81a6e85e44eb49c35a11ac356d2b8eccc6", size = 41475240 },
    { url = "https://files.pythonhosted.org/packages/63/ca/6b838a2e5e6718d879e8522d1155a068c2a769be04f7da8c5179ead32a7b/scipy-1.15.0-cp312-cp312-macosx_12_0_arm64.whl", hash = "sha256:fde0f3104dfa1dfbc1f230f65506532d0558d43188789eaf68f97e106249a913", size = 32595923 },
    { url = "https://files.pythonhosted.org/packages/b1/07/4e69f6f7185915d77719bf226c1d554a4bb99f27cb92161fdd57b1434343/scipy-1.15.0-cp312-cp312-macosx_14_0_arm64.whl", hash = "sha256:35c68f7044b4e7ad73a3e68e513dda946989e523df9b062bd3cf401a1a882192", size = 24869617 },
    { url = "https://files.pythonhosted.org/packages/30/22/e3dadf189dcab215be461efe0fd9d288f4c2d99783c4aec2ce80837800b7/scipy-1.15.0-cp312-cp312-macosx_14_0_x86_64.whl", hash = "sha256:52475011be29dfcbecc3dfe3060e471ac5155d72e9233e8d5616b84e2b542054", size = 28007674 },
    { url = "https://files.pythonhosted.org/packages/51/0f/71c9ee2acaac0660a79e36424d367ed5737e4ef27b885f96cd439f451467/scipy-1.15.0-cp312-cp312-manylinux_2_17_aarch64.manylinux2014_aarch64.whl", hash = "sha256:5972e3f96f7dda4fd3bb85906a17338e65eaddfe47f750e240f22b331c08858e", size = 38066684 },
    { url = "https://files.pythonhosted.org/packages/fb/77/74a1ceecb205f5d46fe2cd10071383748ee8891a96b7824a372391a6291c/scipy-1.15.0-cp312-cp312-manylinux_2_17_x86_64.manylinux2014_x86_64.whl", hash = "sha256:fe00169cf875bed0b3c40e4da45b57037dc21d7c7bf0c85ed75f210c281488f1", size = 40250011 },
    { url = "https://files.pythonhosted.org/packages/8c/9f/f1544110a3d31183034e05422836505beb438aa56183f2ccef6dcd3b4e3f/scipy-1.15.0-cp312-cp312-musllinux_1_2_x86_64.whl", hash = "sha256:161f80a98047c219c257bf5ce1777c574bde36b9d962a46b20d0d7e531f86863", size = 42625471 },
    { url = "https://files.pythonhosted.org/packages/3f/39/a29b75f9c30084cbafd416bfa00933311a5b7a96be6e88750c98521d2ccb/scipy-1.15.0-cp312-cp312-win_amd64.whl", hash = "sha256:327163ad73e54541a675240708244644294cb0a65cca420c9c79baeb9648e479", size = 43622832 },
    { url = "https://files.pythonhosted.org/packages/4d/46/2fa07d5b53092b73c4bb416954d07d883b53be4a5bd6282c67e03c051225/scipy-1.15.0-cp313-cp313-macosx_10_13_x86_64.whl", hash = "sha256:0fcb16eb04d84670722ce8d93b05257df471704c913cb0ff9dc5a1c31d1e9422", size = 41438080 },
    { url = "https://files.pythonhosted.org/packages/55/05/77778b1127e170ffb484614691fdd8f9d2640dcf951d515f513debe5d0e0/scipy-1.15.0-cp313-cp313-macosx_12_0_arm64.whl", hash = "sha256:767e8cf6562931f8312f4faa7ddea412cb783d8df49e62c44d00d89f41f9bbe8", size = 32532932 },
    { url = "https://files.pythonhosted.org/packages/2b/9f/6de4970a2f524785d94a85f423a53b8c53d84917f2df702733ccdc9afd54/scipy-1.15.0-cp313-cp313-macosx_14_0_arm64.whl", hash = "sha256:37ce9394cdcd7c5f437583fc6ef91bd290014993900643fdfc7af9b052d1613b", size = 24806488 },
    { url = "https://files.pythonhosted.org/packages/65/ef/b1c1e2499189bbea109a6b022a6147dd4552d72bed19289b4d4e411c4ce7/scipy-1.15.0-cp313-cp313-macosx_14_0_x86_64.whl", hash = "sha256:6d26f17c64abd6c6c2dfb39920f61518cc9e213d034b45b2380e32ba78fde4c0", size = 27930055 },
    { url = "https://files.pythonhosted.org/packages/24/ec/6e4fe2a34a91102c806ecf9f45426f66bd604a5b5f48e951ce2bd770b2fe/scipy-1.15.0-cp313-cp313-manylinux_2_17_aarch64.manylinux2014_aarch64.whl", hash = "sha256:1e2448acd79c6374583581a1ded32ac71a00c2b9c62dfa87a40e1dd2520be111", size = 38031212 },
    { url = "https://files.pythonhosted.org/packages/82/4d/ecef655956ce332edbc411ab64ab843d767dd86e646898ac721dbcc7910e/scipy-1.15.0-cp313-cp313-manylinux_2_17_x86_64.manylinux2014_x86_64.whl", hash = "sha256:36be480e512d38db67f377add5b759fb117edd987f4791cdf58e59b26962bee4", size = 40209536 },
    { url = "https://files.pythonhosted.org/packages/c5/ec/3af823fcd86e3155ad7ed2b684634391e4524ff82735c26abed522fc5405/scipy-1.15.0-cp313-cp313-musllinux_1_2_x86_64.whl", hash = "sha256:ccb6248a9987193fe74363a2d73b93bc2c546e0728bd786050b7aef6e17db03c", size = 42584473 },
    { url = "https://files.pythonhosted.org/packages/23/01/f0ec4236ba8a96353e56694160041d7d9bebd9a0231a1c9beedc6e75cd50/scipy-1.15.0-cp313-cp313-win_amd64.whl", hash = "sha256:952d2e9eaa787f0a9e95b6e85da3654791b57a156c3e6609e65cc5176ccfe6f2", size = 43639460 },
    { url = "https://files.pythonhosted.org/packages/e9/02/c8bccc5c4813eccfeeef6ed0effe42e2cf98199d350ca476c22029569edc/scipy-1.15.0-cp313-cp313t-macosx_10_13_x86_64.whl", hash = "sha256:b1432102254b6dc7766d081fa92df87832ac25ff0b3d3a940f37276e63eb74ff", size = 41642304 },
    { url = "https://files.pythonhosted.org/packages/27/7a/9191a8b61f5826f08932b6ae47d44fbf4f473beb307d8ca3ed96a216929f/scipy-1.15.0-cp313-cp313t-macosx_12_0_arm64.whl", hash = "sha256:4e08c6a36f46abaedf765dd2dfcd3698fa4bd7e311a9abb2d80e33d9b2d72c34", size = 32620019 },
    { url = "https://files.pythonhosted.org/packages/e6/17/9c8452c8a59f1ede4a7ba6ba03b8b44703cdd1f1217b649f470c216f3095/scipy-1.15.0-cp313-cp313t-macosx_14_0_arm64.whl", hash = "sha256:ec915cd26d76f6fc7ae8522f74f5b2accf39546f341c771bb2297f3871934a52", size = 24893299 },
    { url = "https://files.pythonhosted.org/packages/db/73/45c8566538bf9252be1e3e36b149714619c6f4d015a901cd76e257f88a37/scipy-1.15.0-cp313-cp313t-macosx_14_0_x86_64.whl", hash = "sha256:351899dd2a801edd3691622172bc8ea01064b1cada794f8641b89a7dc5418db6", size = 27955764 },
    { url = "https://files.pythonhosted.org/packages/9f/4e/8822a2cafcea8727430e9a0bf785e8f0e81aaaac1048dad764d522f0f1ec/scipy-1.15.0-cp313-cp313t-manylinux_2_17_x86_64.manylinux2014_x86_64.whl", hash = "sha256:e9baff912ea4f78a543d183ed6f5b3bea9784509b948227daaf6f10727a0e2e5", size = 39879164 },
    { url = "https://files.pythonhosted.org/packages/b1/27/b55549a4aba515d9a19b6384c2c2f976725cd19d5d41c58ffac9a4d98892/scipy-1.15.0-cp313-cp313t-musllinux_1_2_x86_64.whl", hash = "sha256:cd9d9198a7fd9a77f0eb5105ea9734df26f41faeb2a88a0e62e5245506f7b6df", size = 42091406 },
    { url = "https://files.pythonhosted.org/packages/79/df/989b2fd3f8ead6bcf89fc683fde94741eb3b291e41a3ce70cec08c80aa36/scipy-1.15.0-cp313-cp313t-win_amd64.whl", hash = "sha256:129f899ed275c0515d553b8d31696924e2ca87d1972421e46c376b9eb87de3d2", size = 43188844 },
]

[[package]]
name = "soundcard"
version = "0.4.3"
source = { registry = "https://pypi.org/simple" }
dependencies = [
    { name = "cffi" },
    { name = "numpy" },
]
sdist = { url = "https://files.pythonhosted.org/packages/fe/61/8fa850aacd49ad4c838cb51cd8893c1696ac32693efc22640f39f8190d50/SoundCard-0.4.3.tar.gz", hash = "sha256:410835514ba10809803cb9887d4270f392b59eaf365915bb94516af3f8b1d037", size = 40609 }
wheels = [
    { url = "https://files.pythonhosted.org/packages/e9/1d/13d4c96e3785f00e7b0ae2fd04fd1c7a6016345114594a1050c8471a907a/SoundCard-0.4.3-py3-none-any.whl", hash = "sha256:2af6f6b49c24dc8a997d8189206206f1bf1d48d7e8f313777293996809cfdfe3", size = 43684 },
]

[[package]]
name = "sounddevice"
version = "0.5.0"
source = { registry = "https://pypi.org/simple" }
dependencies = [
    { name = "cffi" },
]
sdist = { url = "https://files.pythonhosted.org/packages/87/92/62d87d7b53a4e1041f0d9e049e225fce3c7bc266c0162c023feb245b999d/sounddevice-0.5.0.tar.gz", hash = "sha256:0de95277654b3d403d9c15ded3c6cedf307e9b27cc9ce7bd995a2891d0c955af", size = 52564 }
wheels = [
    { url = "https://files.pythonhosted.org/packages/e6/3c/241480772b55a39d4c07f2d88cf43e0a2955cc662f369c33dfb4fb79e9fa/sounddevice-0.5.0-py3-none-any.whl", hash = "sha256:8a734043ab1f751cb20f6f25d8f07408a1aadf2eeca923061849d38bb59f9e3d", size = 32107 },
    { url = "https://files.pythonhosted.org/packages/61/10/10f05bbe463424467bb24e4804130fb854d7cc0bc7aa7c040867f21cc997/sounddevice-0.5.0-py3-none-macosx_10_6_x86_64.macosx_10_6_universal2.whl", hash = "sha256:73eb7cb1e8ab1e1ba09c228239e9d0b160006de380921687e44610ad9a19ac32", size = 107746 },
    { url = "https://files.pythonhosted.org/packages/73/4c/783f44af582a5e6cdecbc14e154ab0775c9e645a9567869facd172ecd582/sounddevice-0.5.0-py3-none-win32.whl", hash = "sha256:919de43040e8737258370ddf929a9cd1a3d6c493ca173bab70a3c7cb15c71e97", size = 167621 },
    { url = "https://files.pythonhosted.org/packages/bf/2a/58fa1704b5cf8041564337674790426d39d630e7407e54e17a1212332959/sounddevice-0.5.0-py3-none-win_amd64.whl", hash = "sha256:f28b7ef16f293d7b048a614dd087dfe39c3e313d94a50539bb52022b7ef27ece", size = 189785 },
]

[[package]]
name = "soundfile"
version = "0.13.0"
source = { registry = "https://pypi.org/simple" }
dependencies = [
    { name = "cffi" },
    { name = "numpy" },
]
sdist = { url = "https://files.pythonhosted.org/packages/76/7c/4054082696ee09397eb88947f91cd2429bb7d20db0d4e82bfeb64c234589/soundfile-0.13.0.tar.gz", hash = "sha256:e83399d8bde7d73b117c33d6a1ec8571318338f89ce72f4c3d457e9768798355", size = 45971 }
wheels = [
    { url = "https://files.pythonhosted.org/packages/d3/35/79f0e4934eba4807dfcdc5589de4733186e1d89ecc313708f1ac0e255c45/soundfile-0.13.0-py2.py3-none-any.whl", hash = "sha256:6a732002843d267267de52367cbdb16dfea6c1f4e3de5e4ddfb2bd0b9b65dddf", size = 25706 },
    { url = "https://files.pythonhosted.org/packages/8d/d4/d21a409d4002b585e755fd0301dd9bc59c243e8be8013cade60506c8730c/soundfile-0.13.0-py2.py3-none-macosx_10_9_x86_64.whl", hash = "sha256:c28024e59ebf2e5b12f5d77a16eb3ef1527e7580d7bbebfb5645253368391385", size = 1142204 },
    { url = "https://files.pythonhosted.org/packages/24/d9/be447d3eb12d0e0c432f3c3d9c6baa6f27be475bcfd82d4e9c4f8f7e1838/soundfile-0.13.0-py2.py3-none-macosx_11_0_arm64.whl", hash = "sha256:af3d06019040dd3db0e0b173baca76db9f7d59b5750a347892f2bf7763a8083c", size = 1101360 },
    { url = "https://files.pythonhosted.org/packages/99/c8/cf31904a8c17f23fa2d31852b0cb509b5ea017783d6cbdf62d7c4ac0e631/soundfile-0.13.0-py2.py3-none-manylinux_2_28_aarch64.whl", hash = "sha256:3adcf4b70d2c872f6cb5a1b3eeb916b90233860a7d13652652753c4e628ac9f5", size = 1235683 },
    { url = "https://files.pythonhosted.org/packages/21/2e/93c9283e6d8a95900e390d888f9f3e2ae3ce274d3a11bd79117eeb8f0879/soundfile-0.13.0-py2.py3-none-manylinux_2_28_x86_64.whl", hash = "sha256:5f2c7d389d6cde9af49ec73f5a32a06f7397a2add3808ceb94ebff4a116e3446", size = 1313600 },
    { url = "https://files.pythonhosted.org/packages/ff/36/5b0758658194eaa4f90c126ebdbd56f6c35c9f15e1640afaaa584a476b4b/soundfile-0.13.0-py2.py3-none-win32.whl", hash = "sha256:217fd97b9a515b6b92d817c917bd7c3bc838e4ffe9b68c2a0659b70b9af1a5dd", size = 899836 },
    { url = "https://files.pythonhosted.org/packages/03/69/eda7a076709ada14a11604347ea3b80b3888101c93bbc739071d2f553df5/soundfile-0.13.0-py2.py3-none-win_amd64.whl", hash = "sha256:9fd67b1867fb7ce4a1bf1fd6600dfe9bf2af26b7ae3671719196c1d5632fa462", size = 1019114 },
]

[[package]]
name = "websockets"
version = "14.1"
source = { registry = "https://pypi.org/simple" }
sdist = { url = "https://files.pythonhosted.org/packages/f4/1b/380b883ce05bb5f45a905b61790319a28958a9ab1e4b6b95ff5464b60ca1/websockets-14.1.tar.gz", hash = "sha256:398b10c77d471c0aab20a845e7a60076b6390bfdaac7a6d2edb0d2c59d75e8d8", size = 162840 }
wheels = [
    { url = "https://files.pythonhosted.org/packages/97/ed/c0d03cb607b7fe1f7ff45e2cd4bb5cd0f9e3299ced79c2c303a6fff44524/websockets-14.1-cp311-cp311-macosx_10_9_universal2.whl", hash = "sha256:449d77d636f8d9c17952628cc7e3b8faf6e92a17ec581ec0c0256300717e1512", size = 161949 },
    { url = "https://files.pythonhosted.org/packages/06/91/bf0a44e238660d37a2dda1b4896235d20c29a2d0450f3a46cd688f43b239/websockets-14.1-cp311-cp311-macosx_10_9_x86_64.whl", hash = "sha256:a35f704be14768cea9790d921c2c1cc4fc52700410b1c10948511039be824aac", size = 159606 },
    { url = "https://files.pythonhosted.org/packages/ff/b8/7185212adad274c2b42b6a24e1ee6b916b7809ed611cbebc33b227e5c215/websockets-14.1-cp311-cp311-macosx_11_0_arm64.whl", hash = "sha256:b1f3628a0510bd58968c0f60447e7a692933589b791a6b572fcef374053ca280", size = 159854 },
    { url = "https://files.pythonhosted.org/packages/5a/8a/0849968d83474be89c183d8ae8dcb7f7ada1a3c24f4d2a0d7333c231a2c3/websockets-14.1-cp311-cp311-manylinux_2_17_aarch64.manylinux2014_aarch64.whl", hash = "sha256:3c3deac3748ec73ef24fc7be0b68220d14d47d6647d2f85b2771cb35ea847aa1", size = 169402 },
    { url = "https://files.pythonhosted.org/packages/bd/4f/ef886e37245ff6b4a736a09b8468dae05d5d5c99de1357f840d54c6f297d/websockets-14.1-cp311-cp311-manylinux_2_5_i686.manylinux1_i686.manylinux_2_17_i686.manylinux2014_i686.whl", hash = "sha256:7048eb4415d46368ef29d32133134c513f507fff7d953c18c91104738a68c3b3", size = 168406 },
    { url = "https://files.pythonhosted.org/packages/11/43/e2dbd4401a63e409cebddedc1b63b9834de42f51b3c84db885469e9bdcef/websockets-14.1-cp311-cp311-manylinux_2_5_x86_64.manylinux1_x86_64.manylinux_2_17_x86_64.manylinux2014_x86_64.whl", hash = "sha256:f6cf0ad281c979306a6a34242b371e90e891bce504509fb6bb5246bbbf31e7b6", size = 168776 },
    { url = "https://files.pythonhosted.org/packages/6d/d6/7063e3f5c1b612e9f70faae20ebaeb2e684ffa36cb959eb0862ee2809b32/websockets-14.1-cp311-cp311-musllinux_1_2_aarch64.whl", hash = "sha256:cc1fc87428c1d18b643479caa7b15db7d544652e5bf610513d4a3478dbe823d0", size = 169083 },
    { url = "https://files.pythonhosted.org/packages/49/69/e6f3d953f2fa0f8a723cf18cd011d52733bd7f6e045122b24e0e7f49f9b0/websockets-14.1-cp311-cp311-musllinux_1_2_i686.whl", hash = "sha256:f95ba34d71e2fa0c5d225bde3b3bdb152e957150100e75c86bc7f3964c450d89", size = 168529 },
    { url = "https://files.pythonhosted.org/packages/70/ff/f31fa14561fc1d7b8663b0ed719996cf1f581abee32c8fb2f295a472f268/websockets-14.1-cp311-cp311-musllinux_1_2_x86_64.whl", hash = "sha256:9481a6de29105d73cf4515f2bef8eb71e17ac184c19d0b9918a3701c6c9c4f23", size = 168475 },
    { url = "https://files.pythonhosted.org/packages/f1/15/b72be0e4bf32ff373aa5baef46a4c7521b8ea93ad8b49ca8c6e8e764c083/websockets-14.1-cp311-cp311-win32.whl", hash = "sha256:368a05465f49c5949e27afd6fbe0a77ce53082185bbb2ac096a3a8afaf4de52e", size = 162833 },
    { url = "https://files.pythonhosted.org/packages/bc/ef/2d81679acbe7057ffe2308d422f744497b52009ea8bab34b6d74a2657d1d/websockets-14.1-cp311-cp311-win_amd64.whl", hash = "sha256:6d24fc337fc055c9e83414c94e1ee0dee902a486d19d2a7f0929e49d7d604b09", size = 163263 },
    { url = "https://files.pythonhosted.org/packages/55/64/55698544ce29e877c9188f1aee9093712411a8fc9732cca14985e49a8e9c/websockets-14.1-cp312-cp312-macosx_10_13_universal2.whl", hash = "sha256:ed907449fe5e021933e46a3e65d651f641975a768d0649fee59f10c2985529ed", size = 161957 },
    { url = "https://files.pythonhosted.org/packages/a2/b1/b088f67c2b365f2c86c7b48edb8848ac27e508caf910a9d9d831b2f343cb/websockets-14.1-cp312-cp312-macosx_10_13_x86_64.whl", hash = "sha256:87e31011b5c14a33b29f17eb48932e63e1dcd3fa31d72209848652310d3d1f0d", size = 159620 },
    { url = "https://files.pythonhosted.org/packages/c1/89/2a09db1bbb40ba967a1b8225b07b7df89fea44f06de9365f17f684d0f7e6/websockets-14.1-cp312-cp312-macosx_11_0_arm64.whl", hash = "sha256:bc6ccf7d54c02ae47a48ddf9414c54d48af9c01076a2e1023e3b486b6e72c707", size = 159852 },
    { url = "https://files.pythonhosted.org/packages/ca/c1/f983138cd56e7d3079f1966e81f77ce6643f230cd309f73aa156bb181749/websockets-14.1-cp312-cp312-manylinux_2_17_aarch64.manylinux2014_aarch64.whl", hash = "sha256:9777564c0a72a1d457f0848977a1cbe15cfa75fa2f67ce267441e465717dcf1a", size = 169675 },
    { url = "https://files.pythonhosted.org/packages/c1/c8/84191455d8660e2a0bdb33878d4ee5dfa4a2cedbcdc88bbd097303b65bfa/websockets-14.1-cp312-cp312-manylinux_2_5_i686.manylinux1_i686.manylinux_2_17_i686.manylinux2014_i686.whl", hash = "sha256:a655bde548ca98f55b43711b0ceefd2a88a71af6350b0c168aa77562104f3f45", size = 168619 },
    { url = "https://files.pythonhosted.org/packages/8d/a7/62e551fdcd7d44ea74a006dc193aba370505278ad76efd938664531ce9d6/websockets-14.1-cp312-cp312-manylinux_2_5_x86_64.manylinux1_x86_64.manylinux_2_17_x86_64.manylinux2014_x86_64.whl", hash = "sha256:a3dfff83ca578cada2d19e665e9c8368e1598d4e787422a460ec70e531dbdd58", size = 169042 },
    { url = "https://files.pythonhosted.org/packages/ad/ed/1532786f55922c1e9c4d329608e36a15fdab186def3ca9eb10d7465bc1cc/websockets-14.1-cp312-cp312-musllinux_1_2_aarch64.whl", hash = "sha256:6a6c9bcf7cdc0fd41cc7b7944447982e8acfd9f0d560ea6d6845428ed0562058", size = 169345 },
    { url = "https://files.pythonhosted.org/packages/ea/fb/160f66960d495df3de63d9bcff78e1b42545b2a123cc611950ffe6468016/websockets-14.1-cp312-cp312-musllinux_1_2_i686.whl", hash = "sha256:4b6caec8576e760f2c7dd878ba817653144d5f369200b6ddf9771d64385b84d4", size = 168725 },
    { url = "https://files.pythonhosted.org/packages/cf/53/1bf0c06618b5ac35f1d7906444b9958f8485682ab0ea40dee7b17a32da1e/websockets-14.1-cp312-cp312-musllinux_1_2_x86_64.whl", hash = "sha256:eb6d38971c800ff02e4a6afd791bbe3b923a9a57ca9aeab7314c21c84bf9ff05", size = 168712 },
    { url = "https://files.pythonhosted.org/packages/e5/22/5ec2f39fff75f44aa626f86fa7f20594524a447d9c3be94d8482cd5572ef/websockets-14.1-cp312-cp312-win32.whl", hash = "sha256:1d045cbe1358d76b24d5e20e7b1878efe578d9897a25c24e6006eef788c0fdf0", size = 162838 },
    { url = "https://files.pythonhosted.org/packages/74/27/28f07df09f2983178db7bf6c9cccc847205d2b92ced986cd79565d68af4f/websockets-14.1-cp312-cp312-win_amd64.whl", hash = "sha256:90f4c7a069c733d95c308380aae314f2cb45bd8a904fb03eb36d1a4983a4993f", size = 163277 },
    { url = "https://files.pythonhosted.org/packages/34/77/812b3ba5110ed8726eddf9257ab55ce9e85d97d4aa016805fdbecc5e5d48/websockets-14.1-cp313-cp313-macosx_10_13_universal2.whl", hash = "sha256:3630b670d5057cd9e08b9c4dab6493670e8e762a24c2c94ef312783870736ab9", size = 161966 },
    { url = "https://files.pythonhosted.org/packages/8d/24/4fcb7aa6986ae7d9f6d083d9d53d580af1483c5ec24bdec0978307a0f6ac/websockets-14.1-cp313-cp313-macosx_10_13_x86_64.whl", hash = "sha256:36ebd71db3b89e1f7b1a5deaa341a654852c3518ea7a8ddfdf69cc66acc2db1b", size = 159625 },
    { url = "https://files.pythonhosted.org/packages/f8/47/2a0a3a2fc4965ff5b9ce9324d63220156bd8bedf7f90824ab92a822e65fd/websockets-14.1-cp313-cp313-macosx_11_0_arm64.whl", hash = "sha256:5b918d288958dc3fa1c5a0b9aa3256cb2b2b84c54407f4813c45d52267600cd3", size = 159857 },
    { url = "https://files.pythonhosted.org/packages/dd/c8/d7b425011a15e35e17757e4df75b25e1d0df64c0c315a44550454eaf88fc/websockets-14.1-cp313-cp313-manylinux_2_17_aarch64.manylinux2014_aarch64.whl", hash = "sha256:00fe5da3f037041da1ee0cf8e308374e236883f9842c7c465aa65098b1c9af59", size = 169635 },
    { url = "https://files.pythonhosted.org/packages/93/39/6e3b5cffa11036c40bd2f13aba2e8e691ab2e01595532c46437b56575678/websockets-14.1-cp313-cp313-manylinux_2_5_i686.manylinux1_i686.manylinux_2_17_i686.manylinux2014_i686.whl", hash = "sha256:8149a0f5a72ca36720981418eeffeb5c2729ea55fa179091c81a0910a114a5d2", size = 168578 },
    { url = "https://files.pythonhosted.org/packages/cf/03/8faa5c9576299b2adf34dcccf278fc6bbbcda8a3efcc4d817369026be421/websockets-14.1-cp313-cp313-manylinux_2_5_x86_64.manylinux1_x86_64.manylinux_2_17_x86_64.manylinux2014_x86_64.whl", hash = "sha256:77569d19a13015e840b81550922056acabc25e3f52782625bc6843cfa034e1da", size = 169018 },
    { url = "https://files.pythonhosted.org/packages/8c/05/ea1fec05cc3a60defcdf0bb9f760c3c6bd2dd2710eff7ac7f891864a22ba/websockets-14.1-cp313-cp313-musllinux_1_2_aarch64.whl", hash = "sha256:cf5201a04550136ef870aa60ad3d29d2a59e452a7f96b94193bee6d73b8ad9a9", size = 169383 },
    { url = "https://files.pythonhosted.org/packages/21/1d/eac1d9ed787f80754e51228e78855f879ede1172c8b6185aca8cef494911/websockets-14.1-cp313-cp313-musllinux_1_2_i686.whl", hash = "sha256:88cf9163ef674b5be5736a584c999e98daf3aabac6e536e43286eb74c126b9c7", size = 168773 },
    { url = "https://files.pythonhosted.org/packages/0e/1b/e808685530185915299740d82b3a4af3f2b44e56ccf4389397c7a5d95d39/websockets-14.1-cp313-cp313-musllinux_1_2_x86_64.whl", hash = "sha256:836bef7ae338a072e9d1863502026f01b14027250a4545672673057997d5c05a", size = 168757 },
    { url = "https://files.pythonhosted.org/packages/b6/19/6ab716d02a3b068fbbeb6face8a7423156e12c446975312f1c7c0f4badab/websockets-14.1-cp313-cp313-win32.whl", hash = "sha256:0d4290d559d68288da9f444089fd82490c8d2744309113fc26e2da6e48b65da6", size = 162834 },
    { url = "https://files.pythonhosted.org/packages/6c/fd/ab6b7676ba712f2fc89d1347a4b5bdc6aa130de10404071f2b2606450209/websockets-14.1-cp313-cp313-win_amd64.whl", hash = "sha256:8621a07991add373c3c5c2cf89e1d277e49dc82ed72c75e3afc74bd0acc446f0", size = 163277 },
    { url = "https://files.pythonhosted.org/packages/b0/0b/c7e5d11020242984d9d37990310520ed663b942333b83a033c2f20191113/websockets-14.1-py3-none-any.whl", hash = "sha256:4d4fc827a20abe6d544a119896f6b78ee13fe81cbfef416f3f2ddf09a03f0e2e", size = 156277 },
]
